{
  "requires": true,
  "lockfileVersion": 1,
  "dependencies": {
    "ckeditor4": {
      "version": "4.16.0",
      "resolved": "https://registry.npmjs.org/ckeditor4/-/ckeditor4-4.16.0.tgz",
      "integrity": "sha512-ya5M1+MN53tdfDc2vY2JfV6KrFMyuJolhcTAKCv5S6YarwgMXOpj7zEO1rwVgEX4aaNJrBp6CjxPuiN2qzYs5g=="
    },
    "dom-magic": {
      "version": "1.1.0",
      "resolved": "https://registry.npmjs.org/dom-magic/-/dom-magic-1.1.0.tgz",
      "integrity": "sha512-GCWjIdYEwEcvXc4sEAYWd1qjFwRkO3ZNLHF5Y5yxKqy7QXILq+o6SsrdMWjQJN6AZbyXjCHvvqKlnVaRtC5r3g=="
    },
    "enlighterjs": {
      "version": "3.4.0",
      "resolved": "https://registry.npmjs.org/enlighterjs/-/enlighterjs-3.4.0.tgz",
      "integrity": "sha512-v2whT6DAgwfXW3ZkCumMaSSCVh0Z2f/+5xcHv9Fc7fWoXcBYlwnOSVzaKdXlytpPnqWZjdbDWwipYCyl9kGSJg==",
      "requires": {
        "dom-magic": "^1.0.0"
      }
    },
    "lightbox2": {
      "version": "2.11.3",
      "resolved": "https://registry.npmjs.org/lightbox2/-/lightbox2-2.11.3.tgz",
      "integrity": "sha512-Q4v6il/OK9ttgEkAxSok/jrI/LUbqTrePFchqP2x/59qaDIZgJjEEc5Xf7peSMc/55Zo5PAgmX6EiN/BeEeUBQ=="
    }
  }
}
